
Microsoft Visual Studio Solution File, Format Version 12.00
# Visual Studio Version 17
VisualStudioVersion = 17.12.35707.178 d17.12
MinimumVisualStudioVersion = 10.0.40219.1
Project("{FAE04EC0-301F-11D3-BF4B-00C04F79EFBC}") = "Sincrono", "Sincrono\Sincrono.csproj", "{6CEC5336-4F8E-4A03-A6B8-DBB558FD46C1}"
EndProject
Project("{FAE04EC0-301F-11D3-BF4B-00C04F79EFBC}") = "Assincrono", "Assincrono\Assincrono.csproj", "{7E0F2630-EC87-42D1-903F-CAD1CBB16134}"
EndProject
Global
	GlobalSection(SolutionConfigurationPlatforms) = preSolution
		Debug|Any CPU = Debug|Any CPU
		Release|Any CPU = Release|Any CPU
	EndGlobalSection
	GlobalSection(ProjectConfigurationPlatforms) = postSolution
		{6CEC5336-4F8E-4A03-A6B8-DBB558FD46C1}.Debug|Any CPU.ActiveCfg = Debug|Any CPU
		{6CEC5336-4F8E-4A03-A6B8-DBB558FD46C1}.Debug|Any CPU.Build.0 = Debug|Any CPU
		{6CEC5336-4F8E-4A03-A6B8-DBB558FD46C1}.Release|Any CPU.ActiveCfg = Release|Any CPU
		{6CEC5336-4F8E-4A03-A6B8-DBB558FD46C1}.Release|Any CPU.Build.0 = Release|Any CPU
		{7E0F2630-EC87-42D1-903F-CAD1CBB16134}.Debug|Any CPU.ActiveCfg = Debug|Any CPU
		{7E0F2630-EC87-42D1-903F-CAD1CBB16134}.Debug|Any CPU.Build.0 = Debug|Any CPU
		{7E0F2630-EC87-42D1-903F-CAD1CBB16134}.Release|Any CPU.ActiveCfg = Release|Any CPU
		{7E0F2630-EC87-42D1-903F-CAD1CBB16134}.Release|Any CPU.Build.0 = Release|Any CPU
	EndGlobalSection
	GlobalSection(SolutionProperties) = preSolution
		HideSolutionNode = FALSE
	EndGlobalSection
EndGlobal
