
Microsoft Visual Studio Solution File, Format Version 12.00
# Visual Studio Version 18
VisualStudioVersion = 18.3.11512.155
MinimumVisualStudioVersion = 10.0.40219.1
Project("{FAE04EC0-301F-11D3-BF4B-00C04F79EFBC}") = "exercicio1", "exercicio1\exercicio1.csproj", "{B187D02C-46A0-41CF-AACA-15C27AEDE655}"
EndProject
Project("{FAE04EC0-301F-11D3-BF4B-00C04F79EFBC}") = "Exercicio2", "Exercicio2\Exercicio2.csproj", "{44C350B8-730C-4E0D-B5E0-24981D7F404A}"
EndProject
Global
	GlobalSection(SolutionConfigurationPlatforms) = preSolution
		Debug|Any CPU = Debug|Any CPU
		Release|Any CPU = Release|Any CPU
	EndGlobalSection
	GlobalSection(ProjectConfigurationPlatforms) = postSolution
		{B187D02C-46A0-41CF-AACA-15C27AEDE655}.Debug|Any CPU.ActiveCfg = Debug|Any CPU
		{B187D02C-46A0-41CF-AACA-15C27AEDE655}.Debug|Any CPU.Build.0 = Debug|Any CPU
		{B187D02C-46A0-41CF-AACA-15C27AEDE655}.Release|Any CPU.ActiveCfg = Release|Any CPU
		{B187D02C-46A0-41CF-AACA-15C27AEDE655}.Release|Any CPU.Build.0 = Release|Any CPU
		{44C350B8-730C-4E0D-B5E0-24981D7F404A}.Debug|Any CPU.ActiveCfg = Debug|Any CPU
		{44C350B8-730C-4E0D-B5E0-24981D7F404A}.Debug|Any CPU.Build.0 = Debug|Any CPU
		{44C350B8-730C-4E0D-B5E0-24981D7F404A}.Release|Any CPU.ActiveCfg = Release|Any CPU
		{44C350B8-730C-4E0D-B5E0-24981D7F404A}.Release|Any CPU.Build.0 = Release|Any CPU
	EndGlobalSection
	GlobalSection(SolutionProperties) = preSolution
		HideSolutionNode = FALSE
	EndGlobalSection
	GlobalSection(ExtensibilityGlobals) = postSolution
		SolutionGuid = {63ACD713-BFC2-4C5B-9C01-DC8DBC84D1FB}
	EndGlobalSection
EndGlobal
