
Microsoft Visual Studio Solution File, Format Version 12.00
# Visual Studio Version 17
VisualStudioVersion = 17.12.35707.178 d17.12
MinimumVisualStudioVersion = 10.0.40219.1
Project("{FAE04EC0-301F-11D3-BF4B-00C04F79EFBC}") = "ManipulacaoArquivo", "ManipulacaoArquivo\ManipulacaoArquivo.csproj", "{7DB9948D-BD5B-4A70-8A14-50B00700476A}"
EndProject
Project("{FAE04EC0-301F-11D3-BF4B-00C04F79EFBC}") = "Arquivos2", "Arquivos2\Arquivos2.csproj", "{069B9FD8-BAFF-4CFF-BFA4-412AB19A758C}"
EndProject
Project("{FAE04EC0-301F-11D3-BF4B-00C04F79EFBC}") = "Arquivos3", "Arquivos3\Arquivos3.csproj", "{8D036C4A-2B65-40AF-A478-0880C328C3C0}"
EndProject
Global
	GlobalSection(SolutionConfigurationPlatforms) = preSolution
		Debug|Any CPU = Debug|Any CPU
		Release|Any CPU = Release|Any CPU
	EndGlobalSection
	GlobalSection(ProjectConfigurationPlatforms) = postSolution
		{7DB9948D-BD5B-4A70-8A14-50B00700476A}.Debug|Any CPU.ActiveCfg = Debug|Any CPU
		{7DB9948D-BD5B-4A70-8A14-50B00700476A}.Debug|Any CPU.Build.0 = Debug|Any CPU
		{7DB9948D-BD5B-4A70-8A14-50B00700476A}.Release|Any CPU.ActiveCfg = Release|Any CPU
		{7DB9948D-BD5B-4A70-8A14-50B00700476A}.Release|Any CPU.Build.0 = Release|Any CPU
		{069B9FD8-BAFF-4CFF-BFA4-412AB19A758C}.Debug|Any CPU.ActiveCfg = Debug|Any CPU
		{069B9FD8-BAFF-4CFF-BFA4-412AB19A758C}.Debug|Any CPU.Build.0 = Debug|Any CPU
		{069B9FD8-BAFF-4CFF-BFA4-412AB19A758C}.Release|Any CPU.ActiveCfg = Release|Any CPU
		{069B9FD8-BAFF-4CFF-BFA4-412AB19A758C}.Release|Any CPU.Build.0 = Release|Any CPU
		{8D036C4A-2B65-40AF-A478-0880C328C3C0}.Debug|Any CPU.ActiveCfg = Debug|Any CPU
		{8D036C4A-2B65-40AF-A478-0880C328C3C0}.Debug|Any CPU.Build.0 = Debug|Any CPU
		{8D036C4A-2B65-40AF-A478-0880C328C3C0}.Release|Any CPU.ActiveCfg = Release|Any CPU
		{8D036C4A-2B65-40AF-A478-0880C328C3C0}.Release|Any CPU.Build.0 = Release|Any CPU
	EndGlobalSection
	GlobalSection(SolutionProperties) = preSolution
		HideSolutionNode = FALSE
	EndGlobalSection
EndGlobal
